
Microsoft Visual Studio Solution File, Format Version 12.00
# Visual Studio Version 16
VisualStudioVersion = 16.0.30011.22
MinimumVisualStudioVersion = 10.0.40219.1
Project("{8BC9CEB8-8B4A-11D0-8D11-00A0C91BC942}") = "OpenGLWindowTest", "OpenGLWindowTest\OpenGLWindowTest.vcxproj", "{09685D46-41C6-42B0-88FA-AE694C4FF8DB}"
EndProject
Global
	GlobalSection(SolutionConfigurationPlatforms) = preSolution
		Debug|x64 = Debug|x64
		Debug|x86 = Debug|x86
		Release|x64 = Release|x64
		Release|x86 = Release|x86
	EndGlobalSection
	GlobalSection(ProjectConfigurationPlatforms) = postSolution
		{09685D46-41C6-42B0-88FA-AE694C4FF8DB}.Debug|x64.ActiveCfg = Debug|x64
		{09685D46-41C6-42B0-88FA-AE694C4FF8DB}.Debug|x64.Build.0 = Debug|x64
		{09685D46-41C6-42B0-88FA-AE694C4FF8DB}.Debug|x86.ActiveCfg = Debug|Win32
		{09685D46-41C6-42B0-88FA-AE694C4FF8DB}.Debug|x86.Build.0 = Debug|Win32
		{09685D46-41C6-42B0-88FA-AE694C4FF8DB}.Release|x64.ActiveCfg = Release|x64
		{09685D46-41C6-42B0-88FA-AE694C4FF8DB}.Release|x64.Build.0 = Release|x64
		{09685D46-41C6-42B0-88FA-AE694C4FF8DB}.Release|x86.ActiveCfg = Release|Win32
		{09685D46-41C6-42B0-88FA-AE694C4FF8DB}.Release|x86.Build.0 = Release|Win32
	EndGlobalSection
	GlobalSection(SolutionProperties) = preSolution
		HideSolutionNode = FALSE
	EndGlobalSection
	GlobalSection(ExtensibilityGlobals) = postSolution
		SolutionGuid = {C5035474-8FED-449D-AF55-5BD6A9B353F9}
	EndGlobalSection
EndGlobal
